
Microsoft Visual Studio Solution File, Format Version 12.00
# Visual Studio Version 16
VisualStudioVersion = 16.0.31729.503
MinimumVisualStudioVersion = 10.0.40219.1
Project("{FAE04EC0-301F-11D3-BF4B-00C04F79EFBC}") = "LeetCode", "LeetCode.csproj", "{82C21F81-F23F-445A-8091-9B7B9A9EA8DC}"
EndProject
Global
	GlobalSection(SolutionConfigurationPlatforms) = preSolution
		Debug|Any CPU = Debug|Any CPU
		Release|Any CPU = Release|Any CPU
	EndGlobalSection
	GlobalSection(ProjectConfigurationPlatforms) = postSolution
		{82C21F81-F23F-445A-8091-9B7B9A9EA8DC}.Debug|Any CPU.ActiveCfg = Debug|Any CPU
		{82C21F81-F23F-445A-8091-9B7B9A9EA8DC}.Debug|Any CPU.Build.0 = Debug|Any CPU
		{82C21F81-F23F-445A-8091-9B7B9A9EA8DC}.Release|Any CPU.ActiveCfg = Release|Any CPU
		{82C21F81-F23F-445A-8091-9B7B9A9EA8DC}.Release|Any CPU.Build.0 = Release|Any CPU
	EndGlobalSection
	GlobalSection(SolutionProperties) = preSolution
		HideSolutionNode = FALSE
	EndGlobalSection
	GlobalSection(ExtensibilityGlobals) = postSolution
		SolutionGuid = {0A920AA7-10FB-4899-99F9-BFB10A08E593}
	EndGlobalSection
EndGlobal
